{
  "name": "tree-sitter-brightscript",
  "version": "1.0.0",
  "lockfileVersion": 1,
  "requires": true,
  "dependencies": {
    "nan": {
      "version": "2.19.0",
      "resolved": "https://registry.npmjs.org/nan/-/nan-2.19.0.tgz",
      "integrity": "sha512-nO1xXxfh/RWNxfd/XPfbIfFk5vgLsAxUR9y5O0cHMJu/AW9U95JLXqthYHjEp+8gQ5p96K9jUp8nbVOxCdRbtw=="
    },
    "tree-sitter-cli": {
      "version": "0.22.5",
      "resolved": "https://registry.npmjs.org/tree-sitter-cli/-/tree-sitter-cli-0.22.5.tgz",
      "integrity": "sha512-c3VT46Bc3a6pEd0JAwufbqEw9Q2FRLDp5E230hGvnr+Hivw+Y6jyeP+3T89KDptvn48MOPVmbgaLm69xYgLVTw==",
      "dev": true
    }
  }
}
